
Microsoft Visual Studio Solution File, Format Version 12.00
# Visual Studio 15
VisualStudioVersion = 15.0.27130.2024
MinimumVisualStudioVersion = 10.0.40219.1
Project("{8BC9CEB8-8B4A-11D0-8D11-00A0C91BC942}") = "TurnstileFSM", "TurnstileFSM\TurnstileFSM.vcxproj", "{604496B9-CF79-4248-971E-869A786625B9}"
EndProject
Project("{8BC9CEB8-8B4A-11D0-8D11-00A0C91BC942}") = "Pathfinding", "Pathfinding\path_finding.vcxproj", "{C2023A2F-D192-49D7-8819-35523504260B}"
EndProject
Global
	GlobalSection(SolutionConfigurationPlatforms) = preSolution
		Debug|x64 = Debug|x64
		Debug|x86 = Debug|x86
		Release|x64 = Release|x64
		Release|x86 = Release|x86
	EndGlobalSection
	GlobalSection(ProjectConfigurationPlatforms) = postSolution
		{604496B9-CF79-4248-971E-869A786625B9}.Debug|x64.ActiveCfg = Debug|x64
		{604496B9-CF79-4248-971E-869A786625B9}.Debug|x64.Build.0 = Debug|x64
		{604496B9-CF79-4248-971E-869A786625B9}.Debug|x86.ActiveCfg = Debug|Win32
		{604496B9-CF79-4248-971E-869A786625B9}.Debug|x86.Build.0 = Debug|Win32
		{604496B9-CF79-4248-971E-869A786625B9}.Release|x64.ActiveCfg = Release|x64
		{604496B9-CF79-4248-971E-869A786625B9}.Release|x64.Build.0 = Release|x64
		{604496B9-CF79-4248-971E-869A786625B9}.Release|x86.ActiveCfg = Release|Win32
		{604496B9-CF79-4248-971E-869A786625B9}.Release|x86.Build.0 = Release|Win32
		{C2023A2F-D192-49D7-8819-35523504260B}.Debug|x64.ActiveCfg = Debug|x64
		{C2023A2F-D192-49D7-8819-35523504260B}.Debug|x64.Build.0 = Debug|x64
		{C2023A2F-D192-49D7-8819-35523504260B}.Debug|x86.ActiveCfg = Debug|Win32
		{C2023A2F-D192-49D7-8819-35523504260B}.Debug|x86.Build.0 = Debug|Win32
		{C2023A2F-D192-49D7-8819-35523504260B}.Release|x64.ActiveCfg = Release|x64
		{C2023A2F-D192-49D7-8819-35523504260B}.Release|x64.Build.0 = Release|x64
		{C2023A2F-D192-49D7-8819-35523504260B}.Release|x86.ActiveCfg = Release|Win32
		{C2023A2F-D192-49D7-8819-35523504260B}.Release|x86.Build.0 = Release|Win32
	EndGlobalSection
	GlobalSection(SolutionProperties) = preSolution
		HideSolutionNode = FALSE
	EndGlobalSection
	GlobalSection(ExtensibilityGlobals) = postSolution
		SolutionGuid = {AB42A719-70AC-4475-9E42-B42403EC530A}
	EndGlobalSection
EndGlobal
